
Microsoft Visual Studio Solution File, Format Version 12.00
# Visual Studio Version 16
VisualStudioVersion = 16.0.31205.134
MinimumVisualStudioVersion = 10.0.40219.1
Project("{FAE04EC0-301F-11D3-BF4B-00C04F79EFBC}") = "ibscoreapi", "ibscoreapi\ibscoreapi.csproj", "{429C9144-8ED6-4FC6-AFA8-66415C654696}"
EndProject
Global
	GlobalSection(SolutionConfigurationPlatforms) = preSolution
		Debug|Any CPU = Debug|Any CPU
		Release|Any CPU = Release|Any CPU
	EndGlobalSection
	GlobalSection(ProjectConfigurationPlatforms) = postSolution
		{429C9144-8ED6-4FC6-AFA8-66415C654696}.Debug|Any CPU.ActiveCfg = Debug|Any CPU
		{429C9144-8ED6-4FC6-AFA8-66415C654696}.Debug|Any CPU.Build.0 = Debug|Any CPU
		{429C9144-8ED6-4FC6-AFA8-66415C654696}.Release|Any CPU.ActiveCfg = Release|Any CPU
		{429C9144-8ED6-4FC6-AFA8-66415C654696}.Release|Any CPU.Build.0 = Release|Any CPU
	EndGlobalSection
	GlobalSection(SolutionProperties) = preSolution
		HideSolutionNode = FALSE
	EndGlobalSection
	GlobalSection(ExtensibilityGlobals) = postSolution
		SolutionGuid = {B85B07FD-AA24-4F4F-9515-46FEB5732E56}
	EndGlobalSection
EndGlobal
